
Microsoft Visual Studio Solution File, Format Version 12.00
# Visual Studio Version 17
VisualStudioVersion = 17.5.33502.453
MinimumVisualStudioVersion = 10.0.40219.1
Project("{FAE04EC0-301F-11D3-BF4B-00C04F79EFBC}") = "MvcCoreLinqToXML", "MvcCoreLinqToXML\MvcCoreLinqToXML.csproj", "{01802AC0-90CA-4768-88E9-DD45D1BA6008}"
EndProject
Global
	GlobalSection(SolutionConfigurationPlatforms) = preSolution
		Debug|Any CPU = Debug|Any CPU
		Release|Any CPU = Release|Any CPU
	EndGlobalSection
	GlobalSection(ProjectConfigurationPlatforms) = postSolution
		{01802AC0-90CA-4768-88E9-DD45D1BA6008}.Debug|Any CPU.ActiveCfg = Debug|Any CPU
		{01802AC0-90CA-4768-88E9-DD45D1BA6008}.Debug|Any CPU.Build.0 = Debug|Any CPU
		{01802AC0-90CA-4768-88E9-DD45D1BA6008}.Release|Any CPU.ActiveCfg = Release|Any CPU
		{01802AC0-90CA-4768-88E9-DD45D1BA6008}.Release|Any CPU.Build.0 = Release|Any CPU
	EndGlobalSection
	GlobalSection(SolutionProperties) = preSolution
		HideSolutionNode = FALSE
	EndGlobalSection
	GlobalSection(ExtensibilityGlobals) = postSolution
		SolutionGuid = {EBA53A1F-5CB6-4DFA-B65D-636DDB56FADB}
	EndGlobalSection
EndGlobal
